
Microsoft Visual Studio Solution File, Format Version 12.00
Project("{FAE04EC0-301F-11D3-BF4B-00C04F79EFBC}") = "IksAdmin_WH", "srcs\IksAdmin_WH\IksAdmin_WH.csproj", "{F61BC513-D1A4-4756-9F30-B198B3B5B23C}"
EndProject
Global
	GlobalSection(SolutionConfigurationPlatforms) = preSolution
		Debug|Any CPU = Debug|Any CPU
		Release|Any CPU = Release|Any CPU
	EndGlobalSection
	GlobalSection(ProjectConfigurationPlatforms) = postSolution
		{F61BC513-D1A4-4756-9F30-B198B3B5B23C}.Debug|Any CPU.ActiveCfg = Debug|Any CPU
		{F61BC513-D1A4-4756-9F30-B198B3B5B23C}.Debug|Any CPU.Build.0 = Debug|Any CPU
		{F61BC513-D1A4-4756-9F30-B198B3B5B23C}.Release|Any CPU.ActiveCfg = Release|Any CPU
		{F61BC513-D1A4-4756-9F30-B198B3B5B23C}.Release|Any CPU.Build.0 = Release|Any CPU
	EndGlobalSection
EndGlobal
